// !$*UTF8*$!
{
	archiveVersion = 1;
	classes = {
	};
	objectVersion = 46;
	objects = {

/* Begin PBXBuildFile section */
		527B1E0D1BBE760A009586A6 /* AppDelegate.swift in Sources */ = {isa = PBXBuildFile; fileRef = 527B1E0C1BBE760A009586A6 /* AppDelegate.swift */; };
		527B1E0F1BBE760A009586A6 /* ViewController.swift in Sources */ = {isa = PBXBuildFile; fileRef = 527B1E0E1BBE760A009586A6 /* ViewController.swift */; };
		527B1E121BBE760A009586A6 /* Main.storyboard in Resources */ = {isa = PBXBuildFile; fileRef = 527B1E101BBE760A009586A6 /* Main.storyboard */; };
		527B1E141BBE760A009586A6 /* Assets.xcassets in Resources */ = {isa = PBXBuildFile; fileRef = 527B1E131BBE760A009586A6 /* Assets.xcassets */; };
		527B1E171BBE760A009586A6 /* LaunchScreen.storyboard in Resources */ = {isa = PBXBuildFile; fileRef = 527B1E151BBE760A009586A6 /* LaunchScreen.storyboard */; };
/* End PBXBuildFile section */

/* Begin PBXFileReference section */
		527B1E091BBE760A009586A6 /* Gesture.app */ = {isa = PBXFileReference; explicitFileType = wrapper.application; includeInIndex = 0; path = Gesture.app; sourceTree = BUILT_PRODUCTS_DIR; };
		527B1E0C1BBE760A009586A6 /* AppDelegate.swift */ = {isa = PBXFileReference; lastKnownFileType = sourcecode.swift; path = AppDelegate.swift; sourceTree = "<group>"; };
		527B1E0E1BBE760A009586A6 /* ViewController.swift */ = {isa = PBXFileReference; lastKnownFileType = sourcecode.swift; path = ViewController.swift; sourceTree = "<group>"; };
		527B1E111BBE760A009586A6 /* Base */ = {isa = PBXFileReference; lastKnownFileType = file.storyboard; name = Base; path = Base.lproj/Main.storyboard; sourceTree = "<group>"; };
		527B1E131BBE760A009586A6 /* Assets.xcassets */ = {isa = PBXFileReference; lastKnownFileType = folder.assetcatalog; path = Assets.xcassets; sourceTree = "<group>"; };
		527B1E161BBE760A009586A6 /* Base */ = {isa = PBXFileReference; lastKnownFileType = file.storyboard; name = Base; path = Base.lproj/LaunchScreen.storyboard; sourceTree = "<group>"; };
		527B1E181BBE760A009586A6 /* Info.plist */ = {isa = PBXFileReference; lastKnownFileType = text.plist.xml; path = Info.plist; sourceTree = "<group>"; };
/* End PBXFileReference section */

/* Begin PBXFrameworksBuildPhase section */
		527B1E061BBE760A009586A6 /* Frameworks */ = {
			isa = PBXFrameworksBuildPhase;
			buildActionMask = 2147483647;
			files = (
			);
			runOnlyForDeploymentPostprocessing = 0;
		};
/* End PBXFrameworksBuildPhase section */

/* Begin PBXGroup section */
		527B1E001BBE760A009586A6 = {
			isa = PBXGroup;
			children = (
				527B1E0B1BBE760A009586A6 /* Gesture */,
				527B1E0A1BBE760A009586A6 /* Products */,
			);
			sourceTree = "<group>";
		};
		527B1E0A1BBE760A009586A6 /* Products */ = {
			isa = PBXGroup;
			children = (
				527B1E091BBE760A009586A6 /* Gesture.app */,
			);
			name = Products;
			sourceTree = "<group>";
		};
		527B1E0B1BBE760A009586A6 /* Gesture */ = {
			isa = PBXGroup;
			children = (
				527B1E0C1BBE760A009586A6 /* AppDelegate.swift */,
				527B1E0E1BBE760A009586A6 /* ViewController.swift */,
				527B1E101BBE760A009586A6 /* Main.storyboard */,
				527B1E131BBE760A009586A6 /* Assets.xcassets */,
				527B1E151BBE760A009586A6 /* LaunchScreen.storyboard */,
				527B1E181BBE760A009586A6 /* Info.plist */,
			);
			path = Gesture;
			sourceTree = "<group>";
		};
/* End PBXGroup section */

/* Begin PBXNativeTarget section */
		527B1E081BBE760A009586A6 /* Gesture */ = {
			isa = PBXNativeTarget;
			buildConfigurationList = 527B1E1B1BBE760A009586A6 /* Build configuration list for PBXNativeTarget "Gesture" */;
			buildPhases = (
				527B1E051BBE760A009586A6 /* Sources */,
				527B1E061BBE760A009586A6 /* Frameworks */,
				527B1E071BBE760A009586A6 /* Resources */,
			);
			buildRules = (
			);
			dependencies = (
			);
			name = Gesture;
			productName = Gesture;
			productReference = 527B1E091BBE760A009586A6 /* Gesture.app */;
			productType = "com.apple.product-type.application";
		};
/* End PBXNativeTarget section */

/* Begin PBXProject section */
		527B1E011BBE760A009586A6 /* Project object */ = {
			isa = PBXProject;
			attributes = {
				LastUpgradeCheck = 0700;
				ORGANIZATIONNAME = "John Britton";
				TargetAttributes = {
					527B1E081BBE760A009586A6 = {
						CreatedOnToolsVersion = 7.0;
						DevelopmentTeam = GN5Q29GQ9T;
					};
				};
			};
			buildConfigurationList = 527B1E041BBE760A009586A6 /* Build configuration list for PBXProject "Gesture" */;
			compatibilityVersion = "Xcode 3.2";
			developmentRegion = English;
			hasScannedForEncodings = 0;
			knownRegions = (
				en,
				Base,
			);
			mainGroup = 527B1E001BBE760A009586A6;
			productRefGroup = 527B1E0A1BBE760A009586A6 /* Products */;
			projectDirPath = "";
			projectRoot = "";
			targets = (
				527B1E081BBE760A009586A6 /* Gesture */,
			);
		};
/* End PBXProject section */

/* Begin PBXResourcesBuildPhase section */
		527B1E071BBE760A009586A6 /* Resources */ = {
			isa = PBXResourcesBuildPhase;
			buildActionMask = 2147483647;
			files = (
				527B1E171BBE760A009586A6 /* LaunchScreen.storyboard in Resources */,
				527B1E141BBE760A009586A6 /* Assets.xcassets in Resources */,
				527B1E121BBE760A009586A6 /* Main.storyboard in Resources */,
			);
			runOnlyForDeploymentPostprocessing = 0;
		};
/* End PBXResourcesBuildPhase section */

/* Begin PBXSourcesBuildPhase section */
		527B1E051BBE760A009586A6 /* Sources */ = {
			isa = PBXSourcesBuildPhase;
			buildActionMask = 2147483647;
			files = (
				527B1E0F1BBE760A009586A6 /* ViewController.swift in Sources */,
				527B1E0D1BBE760A009586A6 /* AppDelegate.swift in Sources */,
			);
			runOnlyForDeploymentPostprocessing = 0;
		};
/* End PBXSourcesBuildPhase section */

/* Begin PBXVariantGroup section */
		527B1E101BBE760A009586A6 /* Main.storyboard */ = {
			isa = PBXVariantGroup;
			children = (
				527B1E111BBE760A009586A6 /* Base */,
			);
			name = Main.storyboard;
			sourceTree = "<group>";
		};
		527B1E151BBE760A009586A6 /* LaunchScreen.storyboard */ = {
			isa = PBXVariantGroup;
			children = (
				527B1E161BBE760A009586A6 /* Base */,
			);
			name = LaunchScreen.storyboard;
			sourceTree = "<group>";
		};
/* End PBXVariantGroup section */

/* Begin XCBuildConfiguration section */
		527B1E191BBE760A009586A6 /* Debug */ = {
			isa = XCBuildConfiguration;
			buildSettings = {
				ALWAYS_SEARCH_USER_PATHS = NO;
				CLANG_CXX_LANGUAGE_STANDARD = "gnu++0x";
				CLANG_CXX_LIBRARY = "libc++";
				CLANG_ENABLE_MODULES = YES;
				CLANG_ENABLE_OBJC_ARC = YES;
				CLANG_WARN_BOOL_CONVERSION = YES;
				CLANG_WARN_CONSTANT_CONVERSION = YES;
				CLANG_WARN_DIRECT_OBJC_ISA_USAGE = YES_ERROR;
				CLANG_WARN_EMPTY_BODY = YES;
				CLANG_WARN_ENUM_CONVERSION = YES;
				CLANG_WARN_INT_CONVERSION = YES;
				CLANG_WARN_OBJC_ROOT_CLASS = YES_ERROR;
				CLANG_WARN_UNREACHABLE_CODE = YES;
				CLANG_WARN__DUPLICATE_METHOD_MATCH = YES;
				"CODE_SIGN_IDENTITY[sdk=iphoneos*]" = "iPhone Developer";
				COPY_PHASE_STRIP = NO;
				DEBUG_INFORMATION_FORMAT = dwarf;
				ENABLE_STRICT_OBJC_MSGSEND = YES;
				ENABLE_TESTABILITY = YES;
				GCC_C_LANGUAGE_STANDARD = gnu99;
				GCC_DYNAMIC_NO_PIC = NO;
				GCC_NO_COMMON_BLOCKS = YES;
				GCC_OPTIMIZATION_LEVEL = 0;
				GCC_PREPROCESSOR_DEFINITIONS = (
					"DEBUG=1",
					"$(inherited)",
				);
				GCC_WARN_64_TO_32_BIT_CONVERSION = YES;
				GCC_WARN_ABOUT_RETURN_TYPE = YES_ERROR;
				GCC_WARN_UNDECLARED_SELECTOR = YES;
				GCC_WARN_UNINITIALIZED_AUTOS = YES_AGGRESSIVE;
				GCC_WARN_UNUSED_FUNCTION = YES;
				GCC_WARN_UNUSED_VARIABLE = YES;
				IPHONEOS_DEPLOYMENT_TARGET = 9.0;
				MTL_ENABLE_DEBUG_INFO = YES;
				ONLY_ACTIVE_ARCH = YES;
				SDKROOT = iphoneos;
				SWIFT_OPTIMIZATION_LEVEL = "-Onone";
				TARGETED_DEVICE_FAMILY = "1,2";
			};
			name = Debug;
		};
		527B1E1A1BBE760A009586A6 /* Release */ = {
			isa = XCBuildConfiguration;
			buildSettings = {
				ALWAYS_SEARCH_USER_PATHS = NO;
				CLANG_CXX_LANGUAGE_STANDARD = "gnu++0x";
				CLANG_CXX_LIBRARY = "libc++";
				CLANG_ENABLE_MODULES = YES;
				CLANG_ENABLE_OBJC_ARC = YES;
				CLANG_WARN_BOOL_CONVERSION = YES;
				CLANG_WARN_CONSTANT_CONVERSION = YES;
				CLANG_WARN_DIRECT_OBJC_ISA_USAGE = YES_ERROR;
				CLANG_WARN_EMPTY_BODY = YES;
				CLANG_WARN_ENUM_CONVERSION = YES;
				CLANG_WARN_INT_CONVERSION = YES;
				CLANG_WARN_OBJC_ROOT_CLASS = YES_ERROR;
				CLANG_WARN_UNREACHABLE_CODE = YES;
				CLANG_WARN__DUPLICATE_METHOD_MATCH = YES;
				"CODE_SIGN_IDENTITY[sdk=iphoneos*]" = "iPhone Developer";
				COPY_PHASE_STRIP = NO;
				DEBUG_INFORMATION_FORMAT = "dwarf-with-dsym";
				ENABLE_NS_ASSERTIONS = NO;
				ENABLE_STRICT_OBJC_MSGSEND = YES;
				GCC_C_LANGUAGE_STANDARD = gnu99;
				GCC_NO_COMMON_BLOCKS = YES;
				GCC_WARN_64_TO_32_BIT_CONVERSION = YES;
				GCC_WARN_ABOUT_RETURN_TYPE = YES_ERROR;
				GCC_WARN_UNDECLARED_SELECTOR = YES;
				GCC_WARN_UNINITIALIZED_AUTOS = YES_AGGRESSIVE;
				GCC_WARN_UNUSED_FUNCTION = YES;
				GCC_WARN_UNUSED_VARIABLE = YES;
				IPHONEOS_DEPLOYMENT_TARGET = 9.0;
				MTL_ENABLE_DEBUG_INFO = NO;
				SDKROOT = iphoneos;
				TARGETED_DEVICE_FAMILY = "1,2";
				VALIDATE_PRODUCT = YES;
			};
			name = Release;
		};
		527B1E1C1BBE760A009586A6 /* Debug */ = {
			isa = XCBuildConfiguration;
			buildSettings = {
				ASSETCATALOG_COMPILER_APPICON_NAME = AppIcon;
				INFOPLIST_FILE = Gesture/Info.plist;
				LD_RUNPATH_SEARCH_PATHS = "$(inherited) @executable_path/Frameworks";
				PRODUCT_BUNDLE_IDENTIFIER = com.johndbritton.Gesture;
				PRODUCT_NAME = "$(TARGET_NAME)";
			};
			name = Debug;
		};
		527B1E1D1BBE760A009586A6 /* Release */ = {
			isa = XCBuildConfiguration;
			buildSettings = {
				ASSETCATALOG_COMPILER_APPICON_NAME = AppIcon;
				INFOPLIST_FILE = Gesture/Info.plist;
				LD_RUNPATH_SEARCH_PATHS = "$(inherited) @executable_path/Frameworks";
				PRODUCT_BUNDLE_IDENTIFIER = com.johndbritton.Gesture;
				PRODUCT_NAME = "$(TARGET_NAME)";
			};
			name = Release;
		};
/* End XCBuildConfiguration section */

/* Begin XCConfigurationList section */
		527B1E041BBE760A009586A6 /* Build configuration list for PBXProject "Gesture" */ = {
			isa = XCConfigurationList;
			buildConfigurations = (
				527B1E191BBE760A009586A6 /* Debug */,
				527B1E1A1BBE760A009586A6 /* Release */,
			);
			defaultConfigurationIsVisible = 0;
			defaultConfigurationName = Release;
		};
		527B1E1B1BBE760A009586A6 /* Build configuration list for PBXNativeTarget "Gesture" */ = {
			isa = XCConfigurationList;
			buildConfigurations = (
				527B1E1C1BBE760A009586A6 /* Debug */,
				527B1E1D1BBE760A009586A6 /* Release */,
			);
			defaultConfigurationIsVisible = 0;
		};
/* End XCConfigurationList section */
	};
	rootObject = 527B1E011BBE760A009586A6 /* Project object */;
}
