// !$*UTF8*$!
{
	archiveVersion = 1;
	classes = {
	};
	objectVersion = 46;
	objects = {

/* Begin PBXBuildFile section */
		5266220B1BBAD5C400D7F8FA /* AppDelegate.swift in Sources */ = {isa = PBXBuildFile; fileRef = 5266220A1BBAD5C400D7F8FA /* AppDelegate.swift */; };
		5266220D1BBAD5C400D7F8FA /* ViewController.swift in Sources */ = {isa = PBXBuildFile; fileRef = 5266220C1BBAD5C400D7F8FA /* ViewController.swift */; };
		526622101BBAD5C400D7F8FA /* Main.storyboard in Resources */ = {isa = PBXBuildFile; fileRef = 5266220E1BBAD5C400D7F8FA /* Main.storyboard */; };
		526622121BBAD5C400D7F8FA /* Assets.xcassets in Resources */ = {isa = PBXBuildFile; fileRef = 526622111BBAD5C400D7F8FA /* Assets.xcassets */; };
		526622151BBAD5C400D7F8FA /* LaunchScreen.storyboard in Resources */ = {isa = PBXBuildFile; fileRef = 526622131BBAD5C400D7F8FA /* LaunchScreen.storyboard */; };
		5266221E1BBAD71400D7F8FA /* LoginViewController.swift in Sources */ = {isa = PBXBuildFile; fileRef = 5266221C1BBAD71400D7F8FA /* LoginViewController.swift */; settings = {ASSET_TAGS = (); }; };
		5266221F1BBAD71400D7F8FA /* LoginViewController.xib in Resources */ = {isa = PBXBuildFile; fileRef = 5266221D1BBAD71400D7F8FA /* LoginViewController.xib */; settings = {ASSET_TAGS = (); }; };
/* End PBXBuildFile section */

/* Begin PBXFileReference section */
		526622071BBAD5C400D7F8FA /* Password.app */ = {isa = PBXFileReference; explicitFileType = wrapper.application; includeInIndex = 0; path = Password.app; sourceTree = BUILT_PRODUCTS_DIR; };
		5266220A1BBAD5C400D7F8FA /* AppDelegate.swift */ = {isa = PBXFileReference; lastKnownFileType = sourcecode.swift; path = AppDelegate.swift; sourceTree = "<group>"; };
		5266220C1BBAD5C400D7F8FA /* ViewController.swift */ = {isa = PBXFileReference; lastKnownFileType = sourcecode.swift; path = ViewController.swift; sourceTree = "<group>"; };
		5266220F1BBAD5C400D7F8FA /* Base */ = {isa = PBXFileReference; lastKnownFileType = file.storyboard; name = Base; path = Base.lproj/Main.storyboard; sourceTree = "<group>"; };
		526622111BBAD5C400D7F8FA /* Assets.xcassets */ = {isa = PBXFileReference; lastKnownFileType = folder.assetcatalog; path = Assets.xcassets; sourceTree = "<group>"; };
		526622141BBAD5C400D7F8FA /* Base */ = {isa = PBXFileReference; lastKnownFileType = file.storyboard; name = Base; path = Base.lproj/LaunchScreen.storyboard; sourceTree = "<group>"; };
		526622161BBAD5C400D7F8FA /* Info.plist */ = {isa = PBXFileReference; lastKnownFileType = text.plist.xml; path = Info.plist; sourceTree = "<group>"; };
		5266221C1BBAD71400D7F8FA /* LoginViewController.swift */ = {isa = PBXFileReference; fileEncoding = 4; lastKnownFileType = sourcecode.swift; path = LoginViewController.swift; sourceTree = "<group>"; };
		5266221D1BBAD71400D7F8FA /* LoginViewController.xib */ = {isa = PBXFileReference; fileEncoding = 4; lastKnownFileType = file.xib; path = LoginViewController.xib; sourceTree = "<group>"; };
/* End PBXFileReference section */

/* Begin PBXFrameworksBuildPhase section */
		526622041BBAD5C400D7F8FA /* Frameworks */ = {
			isa = PBXFrameworksBuildPhase;
			buildActionMask = 2147483647;
			files = (
			);
			runOnlyForDeploymentPostprocessing = 0;
		};
/* End PBXFrameworksBuildPhase section */

/* Begin PBXGroup section */
		526621FE1BBAD5C400D7F8FA = {
			isa = PBXGroup;
			children = (
				526622091BBAD5C400D7F8FA /* Password */,
				526622081BBAD5C400D7F8FA /* Products */,
			);
			sourceTree = "<group>";
		};
		526622081BBAD5C400D7F8FA /* Products */ = {
			isa = PBXGroup;
			children = (
				526622071BBAD5C400D7F8FA /* Password.app */,
			);
			name = Products;
			sourceTree = "<group>";
		};
		526622091BBAD5C400D7F8FA /* Password */ = {
			isa = PBXGroup;
			children = (
				5266220A1BBAD5C400D7F8FA /* AppDelegate.swift */,
				5266220C1BBAD5C400D7F8FA /* ViewController.swift */,
				5266220E1BBAD5C400D7F8FA /* Main.storyboard */,
				526622111BBAD5C400D7F8FA /* Assets.xcassets */,
				526622131BBAD5C400D7F8FA /* LaunchScreen.storyboard */,
				526622161BBAD5C400D7F8FA /* Info.plist */,
				5266221C1BBAD71400D7F8FA /* LoginViewController.swift */,
				5266221D1BBAD71400D7F8FA /* LoginViewController.xib */,
			);
			path = Password;
			sourceTree = "<group>";
		};
/* End PBXGroup section */

/* Begin PBXNativeTarget section */
		526622061BBAD5C400D7F8FA /* Password */ = {
			isa = PBXNativeTarget;
			buildConfigurationList = 526622191BBAD5C400D7F8FA /* Build configuration list for PBXNativeTarget "Password" */;
			buildPhases = (
				526622031BBAD5C400D7F8FA /* Sources */,
				526622041BBAD5C400D7F8FA /* Frameworks */,
				526622051BBAD5C400D7F8FA /* Resources */,
			);
			buildRules = (
			);
			dependencies = (
			);
			name = Password;
			productName = Password;
			productReference = 526622071BBAD5C400D7F8FA /* Password.app */;
			productType = "com.apple.product-type.application";
		};
/* End PBXNativeTarget section */

/* Begin PBXProject section */
		526621FF1BBAD5C400D7F8FA /* Project object */ = {
			isa = PBXProject;
			attributes = {
				LastUpgradeCheck = 0700;
				ORGANIZATIONNAME = "John Britton";
				TargetAttributes = {
					526622061BBAD5C400D7F8FA = {
						CreatedOnToolsVersion = 7.0;
					};
				};
			};
			buildConfigurationList = 526622021BBAD5C400D7F8FA /* Build configuration list for PBXProject "Password" */;
			compatibilityVersion = "Xcode 3.2";
			developmentRegion = English;
			hasScannedForEncodings = 0;
			knownRegions = (
				en,
				Base,
			);
			mainGroup = 526621FE1BBAD5C400D7F8FA;
			productRefGroup = 526622081BBAD5C400D7F8FA /* Products */;
			projectDirPath = "";
			projectRoot = "";
			targets = (
				526622061BBAD5C400D7F8FA /* Password */,
			);
		};
/* End PBXProject section */

/* Begin PBXResourcesBuildPhase section */
		526622051BBAD5C400D7F8FA /* Resources */ = {
			isa = PBXResourcesBuildPhase;
			buildActionMask = 2147483647;
			files = (
				5266221F1BBAD71400D7F8FA /* LoginViewController.xib in Resources */,
				526622151BBAD5C400D7F8FA /* LaunchScreen.storyboard in Resources */,
				526622121BBAD5C400D7F8FA /* Assets.xcassets in Resources */,
				526622101BBAD5C400D7F8FA /* Main.storyboard in Resources */,
			);
			runOnlyForDeploymentPostprocessing = 0;
		};
/* End PBXResourcesBuildPhase section */

/* Begin PBXSourcesBuildPhase section */
		526622031BBAD5C400D7F8FA /* Sources */ = {
			isa = PBXSourcesBuildPhase;
			buildActionMask = 2147483647;
			files = (
				5266221E1BBAD71400D7F8FA /* LoginViewController.swift in Sources */,
				5266220D1BBAD5C400D7F8FA /* ViewController.swift in Sources */,
				5266220B1BBAD5C400D7F8FA /* AppDelegate.swift in Sources */,
			);
			runOnlyForDeploymentPostprocessing = 0;
		};
/* End PBXSourcesBuildPhase section */

/* Begin PBXVariantGroup section */
		5266220E1BBAD5C400D7F8FA /* Main.storyboard */ = {
			isa = PBXVariantGroup;
			children = (
				5266220F1BBAD5C400D7F8FA /* Base */,
			);
			name = Main.storyboard;
			sourceTree = "<group>";
		};
		526622131BBAD5C400D7F8FA /* LaunchScreen.storyboard */ = {
			isa = PBXVariantGroup;
			children = (
				526622141BBAD5C400D7F8FA /* Base */,
			);
			name = LaunchScreen.storyboard;
			sourceTree = "<group>";
		};
/* End PBXVariantGroup section */

/* Begin XCBuildConfiguration section */
		526622171BBAD5C400D7F8FA /* Debug */ = {
			isa = XCBuildConfiguration;
			buildSettings = {
				ALWAYS_SEARCH_USER_PATHS = NO;
				CLANG_CXX_LANGUAGE_STANDARD = "gnu++0x";
				CLANG_CXX_LIBRARY = "libc++";
				CLANG_ENABLE_MODULES = YES;
				CLANG_ENABLE_OBJC_ARC = YES;
				CLANG_WARN_BOOL_CONVERSION = YES;
				CLANG_WARN_CONSTANT_CONVERSION = YES;
				CLANG_WARN_DIRECT_OBJC_ISA_USAGE = YES_ERROR;
				CLANG_WARN_EMPTY_BODY = YES;
				CLANG_WARN_ENUM_CONVERSION = YES;
				CLANG_WARN_INT_CONVERSION = YES;
				CLANG_WARN_OBJC_ROOT_CLASS = YES_ERROR;
				CLANG_WARN_UNREACHABLE_CODE = YES;
				CLANG_WARN__DUPLICATE_METHOD_MATCH = YES;
				"CODE_SIGN_IDENTITY[sdk=iphoneos*]" = "iPhone Developer";
				COPY_PHASE_STRIP = NO;
				DEBUG_INFORMATION_FORMAT = dwarf;
				ENABLE_STRICT_OBJC_MSGSEND = YES;
				ENABLE_TESTABILITY = YES;
				GCC_C_LANGUAGE_STANDARD = gnu99;
				GCC_DYNAMIC_NO_PIC = NO;
				GCC_NO_COMMON_BLOCKS = YES;
				GCC_OPTIMIZATION_LEVEL = 0;
				GCC_PREPROCESSOR_DEFINITIONS = (
					"DEBUG=1",
					"$(inherited)",
				);
				GCC_WARN_64_TO_32_BIT_CONVERSION = YES;
				GCC_WARN_ABOUT_RETURN_TYPE = YES_ERROR;
				GCC_WARN_UNDECLARED_SELECTOR = YES;
				GCC_WARN_UNINITIALIZED_AUTOS = YES_AGGRESSIVE;
				GCC_WARN_UNUSED_FUNCTION = YES;
				GCC_WARN_UNUSED_VARIABLE = YES;
				IPHONEOS_DEPLOYMENT_TARGET = 9.0;
				MTL_ENABLE_DEBUG_INFO = YES;
				ONLY_ACTIVE_ARCH = YES;
				SDKROOT = iphoneos;
				SWIFT_OPTIMIZATION_LEVEL = "-Onone";
				TARGETED_DEVICE_FAMILY = "1,2";
			};
			name = Debug;
		};
		526622181BBAD5C400D7F8FA /* Release */ = {
			isa = XCBuildConfiguration;
			buildSettings = {
				ALWAYS_SEARCH_USER_PATHS = NO;
				CLANG_CXX_LANGUAGE_STANDARD = "gnu++0x";
				CLANG_CXX_LIBRARY = "libc++";
				CLANG_ENABLE_MODULES = YES;
				CLANG_ENABLE_OBJC_ARC = YES;
				CLANG_WARN_BOOL_CONVERSION = YES;
				CLANG_WARN_CONSTANT_CONVERSION = YES;
				CLANG_WARN_DIRECT_OBJC_ISA_USAGE = YES_ERROR;
				CLANG_WARN_EMPTY_BODY = YES;
				CLANG_WARN_ENUM_CONVERSION = YES;
				CLANG_WARN_INT_CONVERSION = YES;
				CLANG_WARN_OBJC_ROOT_CLASS = YES_ERROR;
				CLANG_WARN_UNREACHABLE_CODE = YES;
				CLANG_WARN__DUPLICATE_METHOD_MATCH = YES;
				"CODE_SIGN_IDENTITY[sdk=iphoneos*]" = "iPhone Developer";
				COPY_PHASE_STRIP = NO;
				DEBUG_INFORMATION_FORMAT = "dwarf-with-dsym";
				ENABLE_NS_ASSERTIONS = NO;
				ENABLE_STRICT_OBJC_MSGSEND = YES;
				GCC_C_LANGUAGE_STANDARD = gnu99;
				GCC_NO_COMMON_BLOCKS = YES;
				GCC_WARN_64_TO_32_BIT_CONVERSION = YES;
				GCC_WARN_ABOUT_RETURN_TYPE = YES_ERROR;
				GCC_WARN_UNDECLARED_SELECTOR = YES;
				GCC_WARN_UNINITIALIZED_AUTOS = YES_AGGRESSIVE;
				GCC_WARN_UNUSED_FUNCTION = YES;
				GCC_WARN_UNUSED_VARIABLE = YES;
				IPHONEOS_DEPLOYMENT_TARGET = 9.0;
				MTL_ENABLE_DEBUG_INFO = NO;
				SDKROOT = iphoneos;
				TARGETED_DEVICE_FAMILY = "1,2";
				VALIDATE_PRODUCT = YES;
			};
			name = Release;
		};
		5266221A1BBAD5C400D7F8FA /* Debug */ = {
			isa = XCBuildConfiguration;
			buildSettings = {
				ASSETCATALOG_COMPILER_APPICON_NAME = AppIcon;
				INFOPLIST_FILE = Password/Info.plist;
				LD_RUNPATH_SEARCH_PATHS = "$(inherited) @executable_path/Frameworks";
				PRODUCT_BUNDLE_IDENTIFIER = com.johndbritton.Password;
				PRODUCT_NAME = "$(TARGET_NAME)";
			};
			name = Debug;
		};
		5266221B1BBAD5C400D7F8FA /* Release */ = {
			isa = XCBuildConfiguration;
			buildSettings = {
				ASSETCATALOG_COMPILER_APPICON_NAME = AppIcon;
				INFOPLIST_FILE = Password/Info.plist;
				LD_RUNPATH_SEARCH_PATHS = "$(inherited) @executable_path/Frameworks";
				PRODUCT_BUNDLE_IDENTIFIER = com.johndbritton.Password;
				PRODUCT_NAME = "$(TARGET_NAME)";
			};
			name = Release;
		};
/* End XCBuildConfiguration section */

/* Begin XCConfigurationList section */
		526622021BBAD5C400D7F8FA /* Build configuration list for PBXProject "Password" */ = {
			isa = XCConfigurationList;
			buildConfigurations = (
				526622171BBAD5C400D7F8FA /* Debug */,
				526622181BBAD5C400D7F8FA /* Release */,
			);
			defaultConfigurationIsVisible = 0;
			defaultConfigurationName = Release;
		};
		526622191BBAD5C400D7F8FA /* Build configuration list for PBXNativeTarget "Password" */ = {
			isa = XCConfigurationList;
			buildConfigurations = (
				5266221A1BBAD5C400D7F8FA /* Debug */,
				5266221B1BBAD5C400D7F8FA /* Release */,
			);
			defaultConfigurationIsVisible = 0;
		};
/* End XCConfigurationList section */
	};
	rootObject = 526621FF1BBAD5C400D7F8FA /* Project object */;
}
