// !$*UTF8*$!
{
	archiveVersion = 1;
	classes = {
	};
	objectVersion = 46;
	objects = {

/* Begin PBXBuildFile section */
		526622951BBC19F400D7F8FA /* AppDelegate.swift in Sources */ = {isa = PBXBuildFile; fileRef = 526622941BBC19F400D7F8FA /* AppDelegate.swift */; };
		526622971BBC19F400D7F8FA /* ViewController.swift in Sources */ = {isa = PBXBuildFile; fileRef = 526622961BBC19F400D7F8FA /* ViewController.swift */; };
		5266229A1BBC19F400D7F8FA /* Main.storyboard in Resources */ = {isa = PBXBuildFile; fileRef = 526622981BBC19F400D7F8FA /* Main.storyboard */; };
		5266229C1BBC19F400D7F8FA /* Assets.xcassets in Resources */ = {isa = PBXBuildFile; fileRef = 5266229B1BBC19F400D7F8FA /* Assets.xcassets */; };
		5266229F1BBC19F400D7F8FA /* LaunchScreen.storyboard in Resources */ = {isa = PBXBuildFile; fileRef = 5266229D1BBC19F400D7F8FA /* LaunchScreen.storyboard */; };
		526622A71BBC213800D7F8FA /* 1.jpg in Resources */ = {isa = PBXBuildFile; fileRef = 526622A61BBC213800D7F8FA /* 1.jpg */; settings = {ASSET_TAGS = (); }; };
/* End PBXBuildFile section */

/* Begin PBXFileReference section */
		526622911BBC19F400D7F8FA /* Animations.app */ = {isa = PBXFileReference; explicitFileType = wrapper.application; includeInIndex = 0; path = Animations.app; sourceTree = BUILT_PRODUCTS_DIR; };
		526622941BBC19F400D7F8FA /* AppDelegate.swift */ = {isa = PBXFileReference; lastKnownFileType = sourcecode.swift; path = AppDelegate.swift; sourceTree = "<group>"; };
		526622961BBC19F400D7F8FA /* ViewController.swift */ = {isa = PBXFileReference; lastKnownFileType = sourcecode.swift; path = ViewController.swift; sourceTree = "<group>"; };
		526622991BBC19F400D7F8FA /* Base */ = {isa = PBXFileReference; lastKnownFileType = file.storyboard; name = Base; path = Base.lproj/Main.storyboard; sourceTree = "<group>"; };
		5266229B1BBC19F400D7F8FA /* Assets.xcassets */ = {isa = PBXFileReference; lastKnownFileType = folder.assetcatalog; path = Assets.xcassets; sourceTree = "<group>"; };
		5266229E1BBC19F400D7F8FA /* Base */ = {isa = PBXFileReference; lastKnownFileType = file.storyboard; name = Base; path = Base.lproj/LaunchScreen.storyboard; sourceTree = "<group>"; };
		526622A01BBC19F400D7F8FA /* Info.plist */ = {isa = PBXFileReference; lastKnownFileType = text.plist.xml; path = Info.plist; sourceTree = "<group>"; };
		526622A61BBC213800D7F8FA /* 1.jpg */ = {isa = PBXFileReference; lastKnownFileType = image.jpeg; path = 1.jpg; sourceTree = "<group>"; };
/* End PBXFileReference section */

/* Begin PBXFrameworksBuildPhase section */
		5266228E1BBC19F400D7F8FA /* Frameworks */ = {
			isa = PBXFrameworksBuildPhase;
			buildActionMask = 2147483647;
			files = (
			);
			runOnlyForDeploymentPostprocessing = 0;
		};
/* End PBXFrameworksBuildPhase section */

/* Begin PBXGroup section */
		526622881BBC19F400D7F8FA = {
			isa = PBXGroup;
			children = (
				526622931BBC19F400D7F8FA /* Animations */,
				526622921BBC19F400D7F8FA /* Products */,
			);
			sourceTree = "<group>";
		};
		526622921BBC19F400D7F8FA /* Products */ = {
			isa = PBXGroup;
			children = (
				526622911BBC19F400D7F8FA /* Animations.app */,
			);
			name = Products;
			sourceTree = "<group>";
		};
		526622931BBC19F400D7F8FA /* Animations */ = {
			isa = PBXGroup;
			children = (
				526622941BBC19F400D7F8FA /* AppDelegate.swift */,
				526622A61BBC213800D7F8FA /* 1.jpg */,
				526622961BBC19F400D7F8FA /* ViewController.swift */,
				526622981BBC19F400D7F8FA /* Main.storyboard */,
				5266229B1BBC19F400D7F8FA /* Assets.xcassets */,
				5266229D1BBC19F400D7F8FA /* LaunchScreen.storyboard */,
				526622A01BBC19F400D7F8FA /* Info.plist */,
			);
			path = Animations;
			sourceTree = "<group>";
		};
/* End PBXGroup section */

/* Begin PBXNativeTarget section */
		526622901BBC19F400D7F8FA /* Animations */ = {
			isa = PBXNativeTarget;
			buildConfigurationList = 526622A31BBC19F400D7F8FA /* Build configuration list for PBXNativeTarget "Animations" */;
			buildPhases = (
				5266228D1BBC19F400D7F8FA /* Sources */,
				5266228E1BBC19F400D7F8FA /* Frameworks */,
				5266228F1BBC19F400D7F8FA /* Resources */,
			);
			buildRules = (
			);
			dependencies = (
			);
			name = Animations;
			productName = Animations;
			productReference = 526622911BBC19F400D7F8FA /* Animations.app */;
			productType = "com.apple.product-type.application";
		};
/* End PBXNativeTarget section */

/* Begin PBXProject section */
		526622891BBC19F400D7F8FA /* Project object */ = {
			isa = PBXProject;
			attributes = {
				LastUpgradeCheck = 0700;
				ORGANIZATIONNAME = "John Britton";
				TargetAttributes = {
					526622901BBC19F400D7F8FA = {
						CreatedOnToolsVersion = 7.0;
						DevelopmentTeam = GN5Q29GQ9T;
					};
				};
			};
			buildConfigurationList = 5266228C1BBC19F400D7F8FA /* Build configuration list for PBXProject "Animations" */;
			compatibilityVersion = "Xcode 3.2";
			developmentRegion = English;
			hasScannedForEncodings = 0;
			knownRegions = (
				en,
				Base,
			);
			mainGroup = 526622881BBC19F400D7F8FA;
			productRefGroup = 526622921BBC19F400D7F8FA /* Products */;
			projectDirPath = "";
			projectRoot = "";
			targets = (
				526622901BBC19F400D7F8FA /* Animations */,
			);
		};
/* End PBXProject section */

/* Begin PBXResourcesBuildPhase section */
		5266228F1BBC19F400D7F8FA /* Resources */ = {
			isa = PBXResourcesBuildPhase;
			buildActionMask = 2147483647;
			files = (
				526622A71BBC213800D7F8FA /* 1.jpg in Resources */,
				5266229F1BBC19F400D7F8FA /* LaunchScreen.storyboard in Resources */,
				5266229C1BBC19F400D7F8FA /* Assets.xcassets in Resources */,
				5266229A1BBC19F400D7F8FA /* Main.storyboard in Resources */,
			);
			runOnlyForDeploymentPostprocessing = 0;
		};
/* End PBXResourcesBuildPhase section */

/* Begin PBXSourcesBuildPhase section */
		5266228D1BBC19F400D7F8FA /* Sources */ = {
			isa = PBXSourcesBuildPhase;
			buildActionMask = 2147483647;
			files = (
				526622971BBC19F400D7F8FA /* ViewController.swift in Sources */,
				526622951BBC19F400D7F8FA /* AppDelegate.swift in Sources */,
			);
			runOnlyForDeploymentPostprocessing = 0;
		};
/* End PBXSourcesBuildPhase section */

/* Begin PBXVariantGroup section */
		526622981BBC19F400D7F8FA /* Main.storyboard */ = {
			isa = PBXVariantGroup;
			children = (
				526622991BBC19F400D7F8FA /* Base */,
			);
			name = Main.storyboard;
			sourceTree = "<group>";
		};
		5266229D1BBC19F400D7F8FA /* LaunchScreen.storyboard */ = {
			isa = PBXVariantGroup;
			children = (
				5266229E1BBC19F400D7F8FA /* Base */,
			);
			name = LaunchScreen.storyboard;
			sourceTree = "<group>";
		};
/* End PBXVariantGroup section */

/* Begin XCBuildConfiguration section */
		526622A11BBC19F400D7F8FA /* Debug */ = {
			isa = XCBuildConfiguration;
			buildSettings = {
				ALWAYS_SEARCH_USER_PATHS = NO;
				CLANG_CXX_LANGUAGE_STANDARD = "gnu++0x";
				CLANG_CXX_LIBRARY = "libc++";
				CLANG_ENABLE_MODULES = YES;
				CLANG_ENABLE_OBJC_ARC = YES;
				CLANG_WARN_BOOL_CONVERSION = YES;
				CLANG_WARN_CONSTANT_CONVERSION = YES;
				CLANG_WARN_DIRECT_OBJC_ISA_USAGE = YES_ERROR;
				CLANG_WARN_EMPTY_BODY = YES;
				CLANG_WARN_ENUM_CONVERSION = YES;
				CLANG_WARN_INT_CONVERSION = YES;
				CLANG_WARN_OBJC_ROOT_CLASS = YES_ERROR;
				CLANG_WARN_UNREACHABLE_CODE = YES;
				CLANG_WARN__DUPLICATE_METHOD_MATCH = YES;
				"CODE_SIGN_IDENTITY[sdk=iphoneos*]" = "iPhone Developer";
				COPY_PHASE_STRIP = NO;
				DEBUG_INFORMATION_FORMAT = dwarf;
				ENABLE_STRICT_OBJC_MSGSEND = YES;
				ENABLE_TESTABILITY = YES;
				GCC_C_LANGUAGE_STANDARD = gnu99;
				GCC_DYNAMIC_NO_PIC = NO;
				GCC_NO_COMMON_BLOCKS = YES;
				GCC_OPTIMIZATION_LEVEL = 0;
				GCC_PREPROCESSOR_DEFINITIONS = (
					"DEBUG=1",
					"$(inherited)",
				);
				GCC_WARN_64_TO_32_BIT_CONVERSION = YES;
				GCC_WARN_ABOUT_RETURN_TYPE = YES_ERROR;
				GCC_WARN_UNDECLARED_SELECTOR = YES;
				GCC_WARN_UNINITIALIZED_AUTOS = YES_AGGRESSIVE;
				GCC_WARN_UNUSED_FUNCTION = YES;
				GCC_WARN_UNUSED_VARIABLE = YES;
				IPHONEOS_DEPLOYMENT_TARGET = 9.0;
				MTL_ENABLE_DEBUG_INFO = YES;
				ONLY_ACTIVE_ARCH = YES;
				SDKROOT = iphoneos;
				SWIFT_OPTIMIZATION_LEVEL = "-Onone";
				TARGETED_DEVICE_FAMILY = "1,2";
			};
			name = Debug;
		};
		526622A21BBC19F400D7F8FA /* Release */ = {
			isa = XCBuildConfiguration;
			buildSettings = {
				ALWAYS_SEARCH_USER_PATHS = NO;
				CLANG_CXX_LANGUAGE_STANDARD = "gnu++0x";
				CLANG_CXX_LIBRARY = "libc++";
				CLANG_ENABLE_MODULES = YES;
				CLANG_ENABLE_OBJC_ARC = YES;
				CLANG_WARN_BOOL_CONVERSION = YES;
				CLANG_WARN_CONSTANT_CONVERSION = YES;
				CLANG_WARN_DIRECT_OBJC_ISA_USAGE = YES_ERROR;
				CLANG_WARN_EMPTY_BODY = YES;
				CLANG_WARN_ENUM_CONVERSION = YES;
				CLANG_WARN_INT_CONVERSION = YES;
				CLANG_WARN_OBJC_ROOT_CLASS = YES_ERROR;
				CLANG_WARN_UNREACHABLE_CODE = YES;
				CLANG_WARN__DUPLICATE_METHOD_MATCH = YES;
				"CODE_SIGN_IDENTITY[sdk=iphoneos*]" = "iPhone Developer";
				COPY_PHASE_STRIP = NO;
				DEBUG_INFORMATION_FORMAT = "dwarf-with-dsym";
				ENABLE_NS_ASSERTIONS = NO;
				ENABLE_STRICT_OBJC_MSGSEND = YES;
				GCC_C_LANGUAGE_STANDARD = gnu99;
				GCC_NO_COMMON_BLOCKS = YES;
				GCC_WARN_64_TO_32_BIT_CONVERSION = YES;
				GCC_WARN_ABOUT_RETURN_TYPE = YES_ERROR;
				GCC_WARN_UNDECLARED_SELECTOR = YES;
				GCC_WARN_UNINITIALIZED_AUTOS = YES_AGGRESSIVE;
				GCC_WARN_UNUSED_FUNCTION = YES;
				GCC_WARN_UNUSED_VARIABLE = YES;
				IPHONEOS_DEPLOYMENT_TARGET = 9.0;
				MTL_ENABLE_DEBUG_INFO = NO;
				SDKROOT = iphoneos;
				TARGETED_DEVICE_FAMILY = "1,2";
				VALIDATE_PRODUCT = YES;
			};
			name = Release;
		};
		526622A41BBC19F400D7F8FA /* Debug */ = {
			isa = XCBuildConfiguration;
			buildSettings = {
				ASSETCATALOG_COMPILER_APPICON_NAME = AppIcon;
				INFOPLIST_FILE = Animations/Info.plist;
				LD_RUNPATH_SEARCH_PATHS = "$(inherited) @executable_path/Frameworks";
				PRODUCT_BUNDLE_IDENTIFIER = com.johndbritton.Animations;
				PRODUCT_NAME = "$(TARGET_NAME)";
			};
			name = Debug;
		};
		526622A51BBC19F400D7F8FA /* Release */ = {
			isa = XCBuildConfiguration;
			buildSettings = {
				ASSETCATALOG_COMPILER_APPICON_NAME = AppIcon;
				INFOPLIST_FILE = Animations/Info.plist;
				LD_RUNPATH_SEARCH_PATHS = "$(inherited) @executable_path/Frameworks";
				PRODUCT_BUNDLE_IDENTIFIER = com.johndbritton.Animations;
				PRODUCT_NAME = "$(TARGET_NAME)";
			};
			name = Release;
		};
/* End XCBuildConfiguration section */

/* Begin XCConfigurationList section */
		5266228C1BBC19F400D7F8FA /* Build configuration list for PBXProject "Animations" */ = {
			isa = XCConfigurationList;
			buildConfigurations = (
				526622A11BBC19F400D7F8FA /* Debug */,
				526622A21BBC19F400D7F8FA /* Release */,
			);
			defaultConfigurationIsVisible = 0;
			defaultConfigurationName = Release;
		};
		526622A31BBC19F400D7F8FA /* Build configuration list for PBXNativeTarget "Animations" */ = {
			isa = XCConfigurationList;
			buildConfigurations = (
				526622A41BBC19F400D7F8FA /* Debug */,
				526622A51BBC19F400D7F8FA /* Release */,
			);
			defaultConfigurationIsVisible = 0;
		};
/* End XCConfigurationList section */
	};
	rootObject = 526622891BBC19F400D7F8FA /* Project object */;
}
